# This file is automatically @generated by Cargo.
# It is not intended for manual editing.
version = 4

[[package]]
name = "aspirina"
version = "0.1.0"
source = "registry+https://github.com/rust-lang/crates.io-index"
checksum = "862bbbd341b384a3e319f6cf40feff86832429cbddb070d27569392b2c7c8395"

[[package]]
name = "synapse"
version = "0.1.0"
dependencies = [
 "aspirina",
]
